// !$*UTF8*$!
{
	archiveVersion = 1;
	classes = {
	};
	objectVersion = 50;
	objects = {

/* Begin PBXBuildFile section */
		49FE2EBD2516EFC700D0D772 /* main.cpp in Sources */ = {isa = PBXBuildFile; fileRef = 49FE2EBC2516EFC700D0D772 /* main.cpp */; };
		49FE2ED62516F3E300D0D772 /* libopencv_photo.2.4.13.dylib in Frameworks */ = {isa = PBXBuildFile; fileRef = 49FE2EC42516F3E300D0D772 /* libopencv_photo.2.4.13.dylib */; };
		49FE2ED72516F3E300D0D772 /* libopencv_videostab.2.4.13.dylib in Frameworks */ = {isa = PBXBuildFile; fileRef = 49FE2EC52516F3E300D0D772 /* libopencv_videostab.2.4.13.dylib */; };
		49FE2ED82516F3E300D0D772 /* libopencv_imgproc.2.4.13.dylib in Frameworks */ = {isa = PBXBuildFile; fileRef = 49FE2EC62516F3E300D0D772 /* libopencv_imgproc.2.4.13.dylib */; };
		49FE2ED92516F3E300D0D772 /* libopencv_stitching.2.4.13.dylib in Frameworks */ = {isa = PBXBuildFile; fileRef = 49FE2EC72516F3E300D0D772 /* libopencv_stitching.2.4.13.dylib */; };
		49FE2EDA2516F3E300D0D772 /* libopencv_contrib.2.4.13.dylib in Frameworks */ = {isa = PBXBuildFile; fileRef = 49FE2EC82516F3E300D0D772 /* libopencv_contrib.2.4.13.dylib */; };
		49FE2EDB2516F3E300D0D772 /* libopencv_flann.2.4.13.dylib in Frameworks */ = {isa = PBXBuildFile; fileRef = 49FE2EC92516F3E300D0D772 /* libopencv_flann.2.4.13.dylib */; };
		49FE2EDC2516F3E300D0D772 /* libopencv_features2d.2.4.13.dylib in Frameworks */ = {isa = PBXBuildFile; fileRef = 49FE2ECA2516F3E300D0D772 /* libopencv_features2d.2.4.13.dylib */; };
		49FE2EDD2516F3E300D0D772 /* libopencv_superres.2.4.13.dylib in Frameworks */ = {isa = PBXBuildFile; fileRef = 49FE2ECB2516F3E300D0D772 /* libopencv_superres.2.4.13.dylib */; };
		49FE2EDE2516F3E300D0D772 /* libopencv_highgui.2.4.13.dylib in Frameworks */ = {isa = PBXBuildFile; fileRef = 49FE2ECC2516F3E300D0D772 /* libopencv_highgui.2.4.13.dylib */; };
		49FE2EDF2516F3E300D0D772 /* libopencv_ocl.2.4.13.dylib in Frameworks */ = {isa = PBXBuildFile; fileRef = 49FE2ECD2516F3E300D0D772 /* libopencv_ocl.2.4.13.dylib */; };
		49FE2EE02516F3E300D0D772 /* libopencv_legacy.2.4.13.dylib in Frameworks */ = {isa = PBXBuildFile; fileRef = 49FE2ECE2516F3E300D0D772 /* libopencv_legacy.2.4.13.dylib */; };
		49FE2EE12516F3E300D0D772 /* libopencv_calib3d.2.4.13.dylib in Frameworks */ = {isa = PBXBuildFile; fileRef = 49FE2ECF2516F3E300D0D772 /* libopencv_calib3d.2.4.13.dylib */; };
		49FE2EE22516F3E300D0D772 /* libopencv_core.2.4.13.dylib in Frameworks */ = {isa = PBXBuildFile; fileRef = 49FE2ED02516F3E300D0D772 /* libopencv_core.2.4.13.dylib */; };
		49FE2EE32516F3E300D0D772 /* libopencv_gpu.2.4.13.dylib in Frameworks */ = {isa = PBXBuildFile; fileRef = 49FE2ED12516F3E300D0D772 /* libopencv_gpu.2.4.13.dylib */; };
		49FE2EE42516F3E300D0D772 /* libopencv_nonfree.2.4.13.dylib in Frameworks */ = {isa = PBXBuildFile; fileRef = 49FE2ED22516F3E300D0D772 /* libopencv_nonfree.2.4.13.dylib */; };
		49FE2EE52516F3E300D0D772 /* libopencv_video.2.4.13.dylib in Frameworks */ = {isa = PBXBuildFile; fileRef = 49FE2ED32516F3E300D0D772 /* libopencv_video.2.4.13.dylib */; };
		49FE2EE62516F3E300D0D772 /* libopencv_objdetect.2.4.13.dylib in Frameworks */ = {isa = PBXBuildFile; fileRef = 49FE2ED42516F3E300D0D772 /* libopencv_objdetect.2.4.13.dylib */; };
		49FE2EE72516F3E300D0D772 /* libopencv_ml.2.4.13.dylib in Frameworks */ = {isa = PBXBuildFile; fileRef = 49FE2ED52516F3E300D0D772 /* libopencv_ml.2.4.13.dylib */; };
/* End PBXBuildFile section */

/* Begin PBXCopyFilesBuildPhase section */
		49FE2EB72516EFC700D0D772 /* CopyFiles */ = {
			isa = PBXCopyFilesBuildPhase;
			buildActionMask = 2147483647;
			dstPath = /usr/share/man/man1/;
			dstSubfolderSpec = 0;
			files = (
			);
			runOnlyForDeploymentPostprocessing = 1;
		};
/* End PBXCopyFilesBuildPhase section */

/* Begin PBXFileReference section */
		49FE2EB92516EFC700D0D772 /* opencv */ = {isa = PBXFileReference; explicitFileType = "compiled.mach-o.executable"; includeInIndex = 0; path = opencv; sourceTree = BUILT_PRODUCTS_DIR; };
		49FE2EBC2516EFC700D0D772 /* main.cpp */ = {isa = PBXFileReference; lastKnownFileType = sourcecode.cpp.cpp; path = main.cpp; sourceTree = "<group>"; };
		49FE2EC42516F3E300D0D772 /* libopencv_photo.2.4.13.dylib */ = {isa = PBXFileReference; lastKnownFileType = "compiled.mach-o.dylib"; name = libopencv_photo.2.4.13.dylib; path = "../../../../../../usr/local/Cellar/opencv@2/2.4.13.7_11/lib/libopencv_photo.2.4.13.dylib"; sourceTree = "<group>"; };
		49FE2EC52516F3E300D0D772 /* libopencv_videostab.2.4.13.dylib */ = {isa = PBXFileReference; lastKnownFileType = "compiled.mach-o.dylib"; name = libopencv_videostab.2.4.13.dylib; path = "../../../../../../usr/local/Cellar/opencv@2/2.4.13.7_11/lib/libopencv_videostab.2.4.13.dylib"; sourceTree = "<group>"; };
		49FE2EC62516F3E300D0D772 /* libopencv_imgproc.2.4.13.dylib */ = {isa = PBXFileReference; lastKnownFileType = "compiled.mach-o.dylib"; name = libopencv_imgproc.2.4.13.dylib; path = "../../../../../../usr/local/Cellar/opencv@2/2.4.13.7_11/lib/libopencv_imgproc.2.4.13.dylib"; sourceTree = "<group>"; };
		49FE2EC72516F3E300D0D772 /* libopencv_stitching.2.4.13.dylib */ = {isa = PBXFileReference; lastKnownFileType = "compiled.mach-o.dylib"; name = libopencv_stitching.2.4.13.dylib; path = "../../../../../../usr/local/Cellar/opencv@2/2.4.13.7_11/lib/libopencv_stitching.2.4.13.dylib"; sourceTree = "<group>"; };
		49FE2EC82516F3E300D0D772 /* libopencv_contrib.2.4.13.dylib */ = {isa = PBXFileReference; lastKnownFileType = "compiled.mach-o.dylib"; name = libopencv_contrib.2.4.13.dylib; path = "../../../../../../usr/local/Cellar/opencv@2/2.4.13.7_11/lib/libopencv_contrib.2.4.13.dylib"; sourceTree = "<group>"; };
		49FE2EC92516F3E300D0D772 /* libopencv_flann.2.4.13.dylib */ = {isa = PBXFileReference; lastKnownFileType = "compiled.mach-o.dylib"; name = libopencv_flann.2.4.13.dylib; path = "../../../../../../usr/local/Cellar/opencv@2/2.4.13.7_11/lib/libopencv_flann.2.4.13.dylib"; sourceTree = "<group>"; };
		49FE2ECA2516F3E300D0D772 /* libopencv_features2d.2.4.13.dylib */ = {isa = PBXFileReference; lastKnownFileType = "compiled.mach-o.dylib"; name = libopencv_features2d.2.4.13.dylib; path = "../../../../../../usr/local/Cellar/opencv@2/2.4.13.7_11/lib/libopencv_features2d.2.4.13.dylib"; sourceTree = "<group>"; };
		49FE2ECB2516F3E300D0D772 /* libopencv_superres.2.4.13.dylib */ = {isa = PBXFileReference; lastKnownFileType = "compiled.mach-o.dylib"; name = libopencv_superres.2.4.13.dylib; path = "../../../../../../usr/local/Cellar/opencv@2/2.4.13.7_11/lib/libopencv_superres.2.4.13.dylib"; sourceTree = "<group>"; };
		49FE2ECC2516F3E300D0D772 /* libopencv_highgui.2.4.13.dylib */ = {isa = PBXFileReference; lastKnownFileType = "compiled.mach-o.dylib"; name = libopencv_highgui.2.4.13.dylib; path = "../../../../../../usr/local/Cellar/opencv@2/2.4.13.7_11/lib/libopencv_highgui.2.4.13.dylib"; sourceTree = "<group>"; };
		49FE2ECD2516F3E300D0D772 /* libopencv_ocl.2.4.13.dylib */ = {isa = PBXFileReference; lastKnownFileType = "compiled.mach-o.dylib"; name = libopencv_ocl.2.4.13.dylib; path = "../../../../../../usr/local/Cellar/opencv@2/2.4.13.7_11/lib/libopencv_ocl.2.4.13.dylib"; sourceTree = "<group>"; };
		49FE2ECE2516F3E300D0D772 /* libopencv_legacy.2.4.13.dylib */ = {isa = PBXFileReference; lastKnownFileType = "compiled.mach-o.dylib"; name = libopencv_legacy.2.4.13.dylib; path = "../../../../../../usr/local/Cellar/opencv@2/2.4.13.7_11/lib/libopencv_legacy.2.4.13.dylib"; sourceTree = "<group>"; };
		49FE2ECF2516F3E300D0D772 /* libopencv_calib3d.2.4.13.dylib */ = {isa = PBXFileReference; lastKnownFileType = "compiled.mach-o.dylib"; name = libopencv_calib3d.2.4.13.dylib; path = "../../../../../../usr/local/Cellar/opencv@2/2.4.13.7_11/lib/libopencv_calib3d.2.4.13.dylib"; sourceTree = "<group>"; };
		49FE2ED02516F3E300D0D772 /* libopencv_core.2.4.13.dylib */ = {isa = PBXFileReference; lastKnownFileType = "compiled.mach-o.dylib"; name = libopencv_core.2.4.13.dylib; path = "../../../../../../usr/local/Cellar/opencv@2/2.4.13.7_11/lib/libopencv_core.2.4.13.dylib"; sourceTree = "<group>"; };
		49FE2ED12516F3E300D0D772 /* libopencv_gpu.2.4.13.dylib */ = {isa = PBXFileReference; lastKnownFileType = "compiled.mach-o.dylib"; name = libopencv_gpu.2.4.13.dylib; path = "../../../../../../usr/local/Cellar/opencv@2/2.4.13.7_11/lib/libopencv_gpu.2.4.13.dylib"; sourceTree = "<group>"; };
		49FE2ED22516F3E300D0D772 /* libopencv_nonfree.2.4.13.dylib */ = {isa = PBXFileReference; lastKnownFileType = "compiled.mach-o.dylib"; name = libopencv_nonfree.2.4.13.dylib; path = "../../../../../../usr/local/Cellar/opencv@2/2.4.13.7_11/lib/libopencv_nonfree.2.4.13.dylib"; sourceTree = "<group>"; };
		49FE2ED32516F3E300D0D772 /* libopencv_video.2.4.13.dylib */ = {isa = PBXFileReference; lastKnownFileType = "compiled.mach-o.dylib"; name = libopencv_video.2.4.13.dylib; path = "../../../../../../usr/local/Cellar/opencv@2/2.4.13.7_11/lib/libopencv_video.2.4.13.dylib"; sourceTree = "<group>"; };
		49FE2ED42516F3E300D0D772 /* libopencv_objdetect.2.4.13.dylib */ = {isa = PBXFileReference; lastKnownFileType = "compiled.mach-o.dylib"; name = libopencv_objdetect.2.4.13.dylib; path = "../../../../../../usr/local/Cellar/opencv@2/2.4.13.7_11/lib/libopencv_objdetect.2.4.13.dylib"; sourceTree = "<group>"; };
		49FE2ED52516F3E300D0D772 /* libopencv_ml.2.4.13.dylib */ = {isa = PBXFileReference; lastKnownFileType = "compiled.mach-o.dylib"; name = libopencv_ml.2.4.13.dylib; path = "../../../../../../usr/local/Cellar/opencv@2/2.4.13.7_11/lib/libopencv_ml.2.4.13.dylib"; sourceTree = "<group>"; };
		49FE2EE82516F74D00D0D772 /* Info.plist */ = {isa = PBXFileReference; lastKnownFileType = text.plist.xml; path = Info.plist; sourceTree = "<group>"; };
/* End PBXFileReference section */

/* Begin PBXFrameworksBuildPhase section */
		49FE2EB62516EFC700D0D772 /* Frameworks */ = {
			isa = PBXFrameworksBuildPhase;
			buildActionMask = 2147483647;
			files = (
				49FE2EDC2516F3E300D0D772 /* libopencv_features2d.2.4.13.dylib in Frameworks */,
				49FE2EE62516F3E300D0D772 /* libopencv_objdetect.2.4.13.dylib in Frameworks */,
				49FE2ED92516F3E300D0D772 /* libopencv_stitching.2.4.13.dylib in Frameworks */,
				49FE2ED72516F3E300D0D772 /* libopencv_videostab.2.4.13.dylib in Frameworks */,
				49FE2EE12516F3E300D0D772 /* libopencv_calib3d.2.4.13.dylib in Frameworks */,
				49FE2EE02516F3E300D0D772 /* libopencv_legacy.2.4.13.dylib in Frameworks */,
				49FE2EDE2516F3E300D0D772 /* libopencv_highgui.2.4.13.dylib in Frameworks */,
				49FE2EDB2516F3E300D0D772 /* libopencv_flann.2.4.13.dylib in Frameworks */,
				49FE2EDA2516F3E300D0D772 /* libopencv_contrib.2.4.13.dylib in Frameworks */,
				49FE2EE72516F3E300D0D772 /* libopencv_ml.2.4.13.dylib in Frameworks */,
				49FE2ED82516F3E300D0D772 /* libopencv_imgproc.2.4.13.dylib in Frameworks */,
				49FE2EDF2516F3E300D0D772 /* libopencv_ocl.2.4.13.dylib in Frameworks */,
				49FE2EE52516F3E300D0D772 /* libopencv_video.2.4.13.dylib in Frameworks */,
				49FE2ED62516F3E300D0D772 /* libopencv_photo.2.4.13.dylib in Frameworks */,
				49FE2EDD2516F3E300D0D772 /* libopencv_superres.2.4.13.dylib in Frameworks */,
				49FE2EE22516F3E300D0D772 /* libopencv_core.2.4.13.dylib in Frameworks */,
				49FE2EE32516F3E300D0D772 /* libopencv_gpu.2.4.13.dylib in Frameworks */,
				49FE2EE42516F3E300D0D772 /* libopencv_nonfree.2.4.13.dylib in Frameworks */,
			);
			runOnlyForDeploymentPostprocessing = 0;
		};
/* End PBXFrameworksBuildPhase section */

/* Begin PBXGroup section */
		49FE2EB02516EFC700D0D772 = {
			isa = PBXGroup;
			children = (
				49FE2EE82516F74D00D0D772 /* Info.plist */,
				49FE2EBB2516EFC700D0D772 /* opencv */,
				49FE2EBA2516EFC700D0D772 /* Products */,
			);
			sourceTree = "<group>";
		};
		49FE2EBA2516EFC700D0D772 /* Products */ = {
			isa = PBXGroup;
			children = (
				49FE2EB92516EFC700D0D772 /* opencv */,
			);
			name = Products;
			sourceTree = "<group>";
		};
		49FE2EBB2516EFC700D0D772 /* opencv */ = {
			isa = PBXGroup;
			children = (
				49FE2EC32516F2E300D0D772 /* head */,
				49FE2EBC2516EFC700D0D772 /* main.cpp */,
			);
			path = opencv;
			sourceTree = "<group>";
		};
		49FE2EC32516F2E300D0D772 /* head */ = {
			isa = PBXGroup;
			children = (
				49FE2ECF2516F3E300D0D772 /* libopencv_calib3d.2.4.13.dylib */,
				49FE2EC82516F3E300D0D772 /* libopencv_contrib.2.4.13.dylib */,
				49FE2ED02516F3E300D0D772 /* libopencv_core.2.4.13.dylib */,
				49FE2ECA2516F3E300D0D772 /* libopencv_features2d.2.4.13.dylib */,
				49FE2EC92516F3E300D0D772 /* libopencv_flann.2.4.13.dylib */,
				49FE2ED12516F3E300D0D772 /* libopencv_gpu.2.4.13.dylib */,
				49FE2ECC2516F3E300D0D772 /* libopencv_highgui.2.4.13.dylib */,
				49FE2EC62516F3E300D0D772 /* libopencv_imgproc.2.4.13.dylib */,
				49FE2ECE2516F3E300D0D772 /* libopencv_legacy.2.4.13.dylib */,
				49FE2ED52516F3E300D0D772 /* libopencv_ml.2.4.13.dylib */,
				49FE2ED22516F3E300D0D772 /* libopencv_nonfree.2.4.13.dylib */,
				49FE2ED42516F3E300D0D772 /* libopencv_objdetect.2.4.13.dylib */,
				49FE2ECD2516F3E300D0D772 /* libopencv_ocl.2.4.13.dylib */,
				49FE2EC42516F3E300D0D772 /* libopencv_photo.2.4.13.dylib */,
				49FE2EC72516F3E300D0D772 /* libopencv_stitching.2.4.13.dylib */,
				49FE2ECB2516F3E300D0D772 /* libopencv_superres.2.4.13.dylib */,
				49FE2ED32516F3E300D0D772 /* libopencv_video.2.4.13.dylib */,
				49FE2EC52516F3E300D0D772 /* libopencv_videostab.2.4.13.dylib */,
			);
			path = head;
			sourceTree = "<group>";
		};
/* End PBXGroup section */

/* Begin PBXNativeTarget section */
		49FE2EB82516EFC700D0D772 /* opencv */ = {
			isa = PBXNativeTarget;
			buildConfigurationList = 49FE2EC02516EFC700D0D772 /* Build configuration list for PBXNativeTarget "opencv" */;
			buildPhases = (
				49FE2EB52516EFC700D0D772 /* Sources */,
				49FE2EB62516EFC700D0D772 /* Frameworks */,
				49FE2EB72516EFC700D0D772 /* CopyFiles */,
			);
			buildRules = (
			);
			dependencies = (
			);
			name = opencv;
			productName = opencv;
			productReference = 49FE2EB92516EFC700D0D772 /* opencv */;
			productType = "com.apple.product-type.tool";
		};
/* End PBXNativeTarget section */

/* Begin PBXProject section */
		49FE2EB12516EFC700D0D772 /* Project object */ = {
			isa = PBXProject;
			attributes = {
				LastUpgradeCheck = 1170;
				ORGANIZATIONNAME = "王艺璇";
				TargetAttributes = {
					49FE2EB82516EFC700D0D772 = {
						CreatedOnToolsVersion = 11.7;
					};
				};
			};
			buildConfigurationList = 49FE2EB42516EFC700D0D772 /* Build configuration list for PBXProject "opencv" */;
			compatibilityVersion = "Xcode 9.3";
			developmentRegion = en;
			hasScannedForEncodings = 0;
			knownRegions = (
				en,
				Base,
			);
			mainGroup = 49FE2EB02516EFC700D0D772;
			productRefGroup = 49FE2EBA2516EFC700D0D772 /* Products */;
			projectDirPath = "";
			projectRoot = "";
			targets = (
				49FE2EB82516EFC700D0D772 /* opencv */,
			);
		};
/* End PBXProject section */

/* Begin PBXSourcesBuildPhase section */
		49FE2EB52516EFC700D0D772 /* Sources */ = {
			isa = PBXSourcesBuildPhase;
			buildActionMask = 2147483647;
			files = (
				49FE2EBD2516EFC700D0D772 /* main.cpp in Sources */,
			);
			runOnlyForDeploymentPostprocessing = 0;
		};
/* End PBXSourcesBuildPhase section */

/* Begin XCBuildConfiguration section */
		49FE2EBE2516EFC700D0D772 /* Debug */ = {
			isa = XCBuildConfiguration;
			buildSettings = {
				ALWAYS_SEARCH_USER_PATHS = NO;
				CLANG_ANALYZER_NONNULL = YES;
				CLANG_ANALYZER_NUMBER_OBJECT_CONVERSION = YES_AGGRESSIVE;
				CLANG_CXX_LANGUAGE_STANDARD = "gnu++14";
				CLANG_CXX_LIBRARY = "libc++";
				CLANG_ENABLE_MODULES = YES;
				CLANG_ENABLE_OBJC_ARC = YES;
				CLANG_ENABLE_OBJC_WEAK = YES;
				CLANG_WARN_BLOCK_CAPTURE_AUTORELEASING = YES;
				CLANG_WARN_BOOL_CONVERSION = YES;
				CLANG_WARN_COMMA = YES;
				CLANG_WARN_CONSTANT_CONVERSION = YES;
				CLANG_WARN_DEPRECATED_OBJC_IMPLEMENTATIONS = YES;
				CLANG_WARN_DIRECT_OBJC_ISA_USAGE = YES_ERROR;
				CLANG_WARN_DOCUMENTATION_COMMENTS = YES;
				CLANG_WARN_EMPTY_BODY = YES;
				CLANG_WARN_ENUM_CONVERSION = YES;
				CLANG_WARN_INFINITE_RECURSION = YES;
				CLANG_WARN_INT_CONVERSION = YES;
				CLANG_WARN_NON_LITERAL_NULL_CONVERSION = YES;
				CLANG_WARN_OBJC_IMPLICIT_RETAIN_SELF = YES;
				CLANG_WARN_OBJC_LITERAL_CONVERSION = YES;
				CLANG_WARN_OBJC_ROOT_CLASS = YES_ERROR;
				CLANG_WARN_RANGE_LOOP_ANALYSIS = YES;
				CLANG_WARN_STRICT_PROTOTYPES = YES;
				CLANG_WARN_SUSPICIOUS_MOVE = YES;
				CLANG_WARN_UNGUARDED_AVAILABILITY = YES_AGGRESSIVE;
				CLANG_WARN_UNREACHABLE_CODE = YES;
				CLANG_WARN__DUPLICATE_METHOD_MATCH = YES;
				COPY_PHASE_STRIP = NO;
				DEBUG_INFORMATION_FORMAT = dwarf;
				ENABLE_STRICT_OBJC_MSGSEND = YES;
				ENABLE_TESTABILITY = YES;
				GCC_C_LANGUAGE_STANDARD = gnu11;
				GCC_DYNAMIC_NO_PIC = NO;
				GCC_NO_COMMON_BLOCKS = YES;
				GCC_OPTIMIZATION_LEVEL = 0;
				GCC_PREPROCESSOR_DEFINITIONS = (
					"DEBUG=1",
					"$(inherited)",
				);
				GCC_WARN_64_TO_32_BIT_CONVERSION = YES;
				GCC_WARN_ABOUT_RETURN_TYPE = YES_ERROR;
				GCC_WARN_UNDECLARED_SELECTOR = YES;
				GCC_WARN_UNINITIALIZED_AUTOS = YES_AGGRESSIVE;
				GCC_WARN_UNUSED_FUNCTION = YES;
				GCC_WARN_UNUSED_VARIABLE = YES;
				MACOSX_DEPLOYMENT_TARGET = 10.15;
				MTL_ENABLE_DEBUG_INFO = INCLUDE_SOURCE;
				MTL_FAST_MATH = YES;
				ONLY_ACTIVE_ARCH = YES;
				SDKROOT = macosx;
			};
			name = Debug;
		};
		49FE2EBF2516EFC700D0D772 /* Release */ = {
			isa = XCBuildConfiguration;
			buildSettings = {
				ALWAYS_SEARCH_USER_PATHS = NO;
				CLANG_ANALYZER_NONNULL = YES;
				CLANG_ANALYZER_NUMBER_OBJECT_CONVERSION = YES_AGGRESSIVE;
				CLANG_CXX_LANGUAGE_STANDARD = "gnu++14";
				CLANG_CXX_LIBRARY = "libc++";
				CLANG_ENABLE_MODULES = YES;
				CLANG_ENABLE_OBJC_ARC = YES;
				CLANG_ENABLE_OBJC_WEAK = YES;
				CLANG_WARN_BLOCK_CAPTURE_AUTORELEASING = YES;
				CLANG_WARN_BOOL_CONVERSION = YES;
				CLANG_WARN_COMMA = YES;
				CLANG_WARN_CONSTANT_CONVERSION = YES;
				CLANG_WARN_DEPRECATED_OBJC_IMPLEMENTATIONS = YES;
				CLANG_WARN_DIRECT_OBJC_ISA_USAGE = YES_ERROR;
				CLANG_WARN_DOCUMENTATION_COMMENTS = YES;
				CLANG_WARN_EMPTY_BODY = YES;
				CLANG_WARN_ENUM_CONVERSION = YES;
				CLANG_WARN_INFINITE_RECURSION = YES;
				CLANG_WARN_INT_CONVERSION = YES;
				CLANG_WARN_NON_LITERAL_NULL_CONVERSION = YES;
				CLANG_WARN_OBJC_IMPLICIT_RETAIN_SELF = YES;
				CLANG_WARN_OBJC_LITERAL_CONVERSION = YES;
				CLANG_WARN_OBJC_ROOT_CLASS = YES_ERROR;
				CLANG_WARN_RANGE_LOOP_ANALYSIS = YES;
				CLANG_WARN_STRICT_PROTOTYPES = YES;
				CLANG_WARN_SUSPICIOUS_MOVE = YES;
				CLANG_WARN_UNGUARDED_AVAILABILITY = YES_AGGRESSIVE;
				CLANG_WARN_UNREACHABLE_CODE = YES;
				CLANG_WARN__DUPLICATE_METHOD_MATCH = YES;
				COPY_PHASE_STRIP = NO;
				DEBUG_INFORMATION_FORMAT = "dwarf-with-dsym";
				ENABLE_NS_ASSERTIONS = NO;
				ENABLE_STRICT_OBJC_MSGSEND = YES;
				GCC_C_LANGUAGE_STANDARD = gnu11;
				GCC_NO_COMMON_BLOCKS = YES;
				GCC_WARN_64_TO_32_BIT_CONVERSION = YES;
				GCC_WARN_ABOUT_RETURN_TYPE = YES_ERROR;
				GCC_WARN_UNDECLARED_SELECTOR = YES;
				GCC_WARN_UNINITIALIZED_AUTOS = YES_AGGRESSIVE;
				GCC_WARN_UNUSED_FUNCTION = YES;
				GCC_WARN_UNUSED_VARIABLE = YES;
				MACOSX_DEPLOYMENT_TARGET = 10.15;
				MTL_ENABLE_DEBUG_INFO = NO;
				MTL_FAST_MATH = YES;
				SDKROOT = macosx;
			};
			name = Release;
		};
		49FE2EC12516EFC700D0D772 /* Debug */ = {
			isa = XCBuildConfiguration;
			buildSettings = {
				CODE_SIGN_STYLE = Automatic;
				HEADER_SEARCH_PATHS = "/usr/local/Cellar/opencv@2/2.4.13.7_11/include";
				LIBRARY_SEARCH_PATHS = (
					"/usr/local/Cellar/opencv@2/2.4.13.7_11/lib",
					/usr/local/lib,
				);
				PRODUCT_NAME = "$(TARGET_NAME)";
			};
			name = Debug;
		};
		49FE2EC22516EFC700D0D772 /* Release */ = {
			isa = XCBuildConfiguration;
			buildSettings = {
				CODE_SIGN_STYLE = Automatic;
				HEADER_SEARCH_PATHS = "/usr/local/Cellar/opencv@2/2.4.13.7_11/include";
				LIBRARY_SEARCH_PATHS = (
					"/usr/local/Cellar/opencv@2/2.4.13.7_11/lib",
					/usr/local/lib,
				);
				PRODUCT_NAME = "$(TARGET_NAME)";
			};
			name = Release;
		};
/* End XCBuildConfiguration section */

/* Begin XCConfigurationList section */
		49FE2EB42516EFC700D0D772 /* Build configuration list for PBXProject "opencv" */ = {
			isa = XCConfigurationList;
			buildConfigurations = (
				49FE2EBE2516EFC700D0D772 /* Debug */,
				49FE2EBF2516EFC700D0D772 /* Release */,
			);
			defaultConfigurationIsVisible = 0;
			defaultConfigurationName = Release;
		};
		49FE2EC02516EFC700D0D772 /* Build configuration list for PBXNativeTarget "opencv" */ = {
			isa = XCConfigurationList;
			buildConfigurations = (
				49FE2EC12516EFC700D0D772 /* Debug */,
				49FE2EC22516EFC700D0D772 /* Release */,
			);
			defaultConfigurationIsVisible = 0;
			defaultConfigurationName = Release;
		};
/* End XCConfigurationList section */
	};
	rootObject = 49FE2EB12516EFC700D0D772 /* Project object */;
}
